{
  "name": "dumdum",
  "version": "1.0.0",
  "lockfileVersion": 1,
  "requires": true,
  "dependencies": {
    "casual": {
      "version": "1.5.17",
      "resolved": "https://registry.npmjs.org/casual/-/casual-1.5.17.tgz",
      "integrity": "sha512-4D7Dsc9rD58choGHgtyjAPl8Ho5cjjJUaGS308xeC0NIXfJzpLX1eW/cDr86WO7sBme6rXAOrRTzPyYBycdLKQ==",
      "requires": {
        "mersenne-twister": "1.1.0",
        "moment": "2.19.3"
      }
    },
    "mersenne-twister": {
      "version": "1.1.0",
      "resolved": "https://registry.npmjs.org/mersenne-twister/-/mersenne-twister-1.1.0.tgz",
      "integrity": "sha1-+RZhjuQ9cXnvz2Qb7EUx65Zwl4o="
    },
    "minimist": {
      "version": "1.2.0",
      "resolved": "https://registry.npmjs.org/minimist/-/minimist-1.2.0.tgz",
      "integrity": "sha1-o1AIsg9BOD7sH7kU9M1d95omQoQ="
    },
    "moment": {
      "version": "2.19.3",
      "resolved": "https://registry.npmjs.org/moment/-/moment-2.19.3.tgz",
      "integrity": "sha1-vbmdJw1tf9p4zA+6zoVeJ/59pp8="
    },
    "url-pattern": {
      "version": "1.0.3",
      "resolved": "https://registry.npmjs.org/url-pattern/-/url-pattern-1.0.3.tgz",
      "integrity": "sha1-BAkpJHGyTyPFDWWkeTF5PStaz8E="
    }
  }
}
